// !$*UTF8*$!
{
	archiveVersion = 1;
	classes = {
	};
	objectVersion = 48;
	objects = {

/* Begin PBXBuildFile section */
		DA8D2B15201823DD00F3FFA2 /* AppDelegate.swift in Sources */ = {isa = PBXBuildFile; fileRef = DA8D2B14201823DD00F3FFA2 /* AppDelegate.swift */; };
		DA8D2B17201823DD00F3FFA2 /* MainViewController.swift in Sources */ = {isa = PBXBuildFile; fileRef = DA8D2B16201823DD00F3FFA2 /* MainViewController.swift */; };
		DA8D2B1A201823DD00F3FFA2 /* Main.storyboard in Resources */ = {isa = PBXBuildFile; fileRef = DA8D2B18201823DD00F3FFA2 /* Main.storyboard */; };
		DA8D2B1C201823DD00F3FFA2 /* Assets.xcassets in Resources */ = {isa = PBXBuildFile; fileRef = DA8D2B1B201823DD00F3FFA2 /* Assets.xcassets */; };
		DA8D2B1F201823DD00F3FFA2 /* LaunchScreen.storyboard in Resources */ = {isa = PBXBuildFile; fileRef = DA8D2B1D201823DD00F3FFA2 /* LaunchScreen.storyboard */; };
		DA8D2B2A201823DD00F3FFA2 /* DesignPatternsTests.swift in Sources */ = {isa = PBXBuildFile; fileRef = DA8D2B29201823DD00F3FFA2 /* DesignPatternsTests.swift */; };
		DA8D2B35201823DD00F3FFA2 /* DesignPatternsUITests.swift in Sources */ = {isa = PBXBuildFile; fileRef = DA8D2B34201823DD00F3FFA2 /* DesignPatternsUITests.swift */; };
		DA8D2B44201824AB00F3FFA2 /* Singleton1ViewController.swift in Sources */ = {isa = PBXBuildFile; fileRef = DA8D2B43201824AB00F3FFA2 /* Singleton1ViewController.swift */; };
		DA8D2B47201824F300F3FFA2 /* DataManager.swift in Sources */ = {isa = PBXBuildFile; fileRef = DA8D2B46201824F300F3FFA2 /* DataManager.swift */; };
		DA8D2B492018251600F3FFA2 /* Singleton2ViewController.swift in Sources */ = {isa = PBXBuildFile; fileRef = DA8D2B482018251600F3FFA2 /* Singleton2ViewController.swift */; };
		DA8D2B4F201987A600F3FFA2 /* FactoryMethodViewController.swift in Sources */ = {isa = PBXBuildFile; fileRef = DA8D2B4E201987A600F3FFA2 /* FactoryMethodViewController.swift */; };
		DA8D2B5220198EDA00F3FFA2 /* Currency.swift in Sources */ = {isa = PBXBuildFile; fileRef = DA8D2B5120198EDA00F3FFA2 /* Currency.swift */; };
		DAA13C11201B1A650061FCE0 /* AbstractFactoryViewController.swift in Sources */ = {isa = PBXBuildFile; fileRef = DAA13C10201B1A650061FCE0 /* AbstractFactoryViewController.swift */; };
		DAA13C13201B239C0061FCE0 /* Sedan.swift in Sources */ = {isa = PBXBuildFile; fileRef = DAA13C12201B239C0061FCE0 /* Sedan.swift */; };
		DAA13C17201B30E40061FCE0 /* SUV.swift in Sources */ = {isa = PBXBuildFile; fileRef = DAA13C16201B30E40061FCE0 /* SUV.swift */; };
		DAA13C19201B30F60061FCE0 /* Factory.swift in Sources */ = {isa = PBXBuildFile; fileRef = DAA13C18201B30F60061FCE0 /* Factory.swift */; };
/* End PBXBuildFile section */

/* Begin PBXContainerItemProxy section */
		DA8D2B26201823DD00F3FFA2 /* PBXContainerItemProxy */ = {
			isa = PBXContainerItemProxy;
			containerPortal = DA8D2B09201823DD00F3FFA2 /* Project object */;
			proxyType = 1;
			remoteGlobalIDString = DA8D2B10201823DD00F3FFA2;
			remoteInfo = DesignPatterns;
		};
		DA8D2B31201823DD00F3FFA2 /* PBXContainerItemProxy */ = {
			isa = PBXContainerItemProxy;
			containerPortal = DA8D2B09201823DD00F3FFA2 /* Project object */;
			proxyType = 1;
			remoteGlobalIDString = DA8D2B10201823DD00F3FFA2;
			remoteInfo = DesignPatterns;
		};
/* End PBXContainerItemProxy section */

/* Begin PBXFileReference section */
		DA8D2B11201823DD00F3FFA2 /* DesignPatterns.app */ = {isa = PBXFileReference; explicitFileType = wrapper.application; includeInIndex = 0; path = DesignPatterns.app; sourceTree = BUILT_PRODUCTS_DIR; };
		DA8D2B14201823DD00F3FFA2 /* AppDelegate.swift */ = {isa = PBXFileReference; lastKnownFileType = sourcecode.swift; path = AppDelegate.swift; sourceTree = "<group>"; };
		DA8D2B16201823DD00F3FFA2 /* MainViewController.swift */ = {isa = PBXFileReference; lastKnownFileType = sourcecode.swift; path = MainViewController.swift; sourceTree = "<group>"; };
		DA8D2B19201823DD00F3FFA2 /* Base */ = {isa = PBXFileReference; lastKnownFileType = file.storyboard; name = Base; path = Base.lproj/Main.storyboard; sourceTree = "<group>"; };
		DA8D2B1B201823DD00F3FFA2 /* Assets.xcassets */ = {isa = PBXFileReference; lastKnownFileType = folder.assetcatalog; path = Assets.xcassets; sourceTree = "<group>"; };
		DA8D2B1E201823DD00F3FFA2 /* Base */ = {isa = PBXFileReference; lastKnownFileType = file.storyboard; name = Base; path = Base.lproj/LaunchScreen.storyboard; sourceTree = "<group>"; };
		DA8D2B20201823DD00F3FFA2 /* Info.plist */ = {isa = PBXFileReference; lastKnownFileType = text.plist.xml; path = Info.plist; sourceTree = "<group>"; };
		DA8D2B25201823DD00F3FFA2 /* DesignPatternsTests.xctest */ = {isa = PBXFileReference; explicitFileType = wrapper.cfbundle; includeInIndex = 0; path = DesignPatternsTests.xctest; sourceTree = BUILT_PRODUCTS_DIR; };
		DA8D2B29201823DD00F3FFA2 /* DesignPatternsTests.swift */ = {isa = PBXFileReference; lastKnownFileType = sourcecode.swift; path = DesignPatternsTests.swift; sourceTree = "<group>"; };
		DA8D2B2B201823DD00F3FFA2 /* Info.plist */ = {isa = PBXFileReference; lastKnownFileType = text.plist.xml; path = Info.plist; sourceTree = "<group>"; };
		DA8D2B30201823DD00F3FFA2 /* DesignPatternsUITests.xctest */ = {isa = PBXFileReference; explicitFileType = wrapper.cfbundle; includeInIndex = 0; path = DesignPatternsUITests.xctest; sourceTree = BUILT_PRODUCTS_DIR; };
		DA8D2B34201823DD00F3FFA2 /* DesignPatternsUITests.swift */ = {isa = PBXFileReference; lastKnownFileType = sourcecode.swift; path = DesignPatternsUITests.swift; sourceTree = "<group>"; };
		DA8D2B36201823DD00F3FFA2 /* Info.plist */ = {isa = PBXFileReference; lastKnownFileType = text.plist.xml; path = Info.plist; sourceTree = "<group>"; };
		DA8D2B43201824AB00F3FFA2 /* Singleton1ViewController.swift */ = {isa = PBXFileReference; lastKnownFileType = sourcecode.swift; path = Singleton1ViewController.swift; sourceTree = "<group>"; };
		DA8D2B46201824F300F3FFA2 /* DataManager.swift */ = {isa = PBXFileReference; lastKnownFileType = sourcecode.swift; path = DataManager.swift; sourceTree = "<group>"; };
		DA8D2B482018251600F3FFA2 /* Singleton2ViewController.swift */ = {isa = PBXFileReference; lastKnownFileType = sourcecode.swift; path = Singleton2ViewController.swift; sourceTree = "<group>"; };
		DA8D2B4E201987A600F3FFA2 /* FactoryMethodViewController.swift */ = {isa = PBXFileReference; lastKnownFileType = sourcecode.swift; path = FactoryMethodViewController.swift; sourceTree = "<group>"; };
		DA8D2B5120198EDA00F3FFA2 /* Currency.swift */ = {isa = PBXFileReference; lastKnownFileType = sourcecode.swift; path = Currency.swift; sourceTree = "<group>"; };
		DAA13C10201B1A650061FCE0 /* AbstractFactoryViewController.swift */ = {isa = PBXFileReference; lastKnownFileType = sourcecode.swift; path = AbstractFactoryViewController.swift; sourceTree = "<group>"; };
		DAA13C12201B239C0061FCE0 /* Sedan.swift */ = {isa = PBXFileReference; lastKnownFileType = sourcecode.swift; path = Sedan.swift; sourceTree = "<group>"; };
		DAA13C16201B30E40061FCE0 /* SUV.swift */ = {isa = PBXFileReference; lastKnownFileType = sourcecode.swift; path = SUV.swift; sourceTree = "<group>"; };
		DAA13C18201B30F60061FCE0 /* Factory.swift */ = {isa = PBXFileReference; lastKnownFileType = sourcecode.swift; path = Factory.swift; sourceTree = "<group>"; };
/* End PBXFileReference section */

/* Begin PBXFrameworksBuildPhase section */
		DA8D2B0E201823DD00F3FFA2 /* Frameworks */ = {
			isa = PBXFrameworksBuildPhase;
			buildActionMask = 2147483647;
			files = (
			);
			runOnlyForDeploymentPostprocessing = 0;
		};
		DA8D2B22201823DD00F3FFA2 /* Frameworks */ = {
			isa = PBXFrameworksBuildPhase;
			buildActionMask = 2147483647;
			files = (
			);
			runOnlyForDeploymentPostprocessing = 0;
		};
		DA8D2B2D201823DD00F3FFA2 /* Frameworks */ = {
			isa = PBXFrameworksBuildPhase;
			buildActionMask = 2147483647;
			files = (
			);
			runOnlyForDeploymentPostprocessing = 0;
		};
/* End PBXFrameworksBuildPhase section */

/* Begin PBXGroup section */
		DA8D2B08201823DD00F3FFA2 = {
			isa = PBXGroup;
			children = (
				DA8D2B13201823DD00F3FFA2 /* DesignPatterns */,
				DA8D2B28201823DD00F3FFA2 /* DesignPatternsTests */,
				DA8D2B33201823DD00F3FFA2 /* DesignPatternsUITests */,
				DA8D2B12201823DD00F3FFA2 /* Products */,
			);
			sourceTree = "<group>";
		};
		DA8D2B12201823DD00F3FFA2 /* Products */ = {
			isa = PBXGroup;
			children = (
				DA8D2B11201823DD00F3FFA2 /* DesignPatterns.app */,
				DA8D2B25201823DD00F3FFA2 /* DesignPatternsTests.xctest */,
				DA8D2B30201823DD00F3FFA2 /* DesignPatternsUITests.xctest */,
			);
			name = Products;
			sourceTree = "<group>";
		};
		DA8D2B13201823DD00F3FFA2 /* DesignPatterns */ = {
			isa = PBXGroup;
			children = (
				DA8D2B5020198EC600F3FFA2 /* Model */,
				DA8D2B45201824BE00F3FFA2 /* Manager */,
				DA8D2B422018245600F3FFA2 /* Controller */,
				DA8D2B14201823DD00F3FFA2 /* AppDelegate.swift */,
				DA8D2B18201823DD00F3FFA2 /* Main.storyboard */,
				DA8D2B1B201823DD00F3FFA2 /* Assets.xcassets */,
				DA8D2B1D201823DD00F3FFA2 /* LaunchScreen.storyboard */,
				DA8D2B20201823DD00F3FFA2 /* Info.plist */,
			);
			path = DesignPatterns;
			sourceTree = "<group>";
		};
		DA8D2B28201823DD00F3FFA2 /* DesignPatternsTests */ = {
			isa = PBXGroup;
			children = (
				DA8D2B29201823DD00F3FFA2 /* DesignPatternsTests.swift */,
				DA8D2B2B201823DD00F3FFA2 /* Info.plist */,
			);
			path = DesignPatternsTests;
			sourceTree = "<group>";
		};
		DA8D2B33201823DD00F3FFA2 /* DesignPatternsUITests */ = {
			isa = PBXGroup;
			children = (
				DA8D2B34201823DD00F3FFA2 /* DesignPatternsUITests.swift */,
				DA8D2B36201823DD00F3FFA2 /* Info.plist */,
			);
			path = DesignPatternsUITests;
			sourceTree = "<group>";
		};
		DA8D2B422018245600F3FFA2 /* Controller */ = {
			isa = PBXGroup;
			children = (
				DA8D2B16201823DD00F3FFA2 /* MainViewController.swift */,
				DA8D2B43201824AB00F3FFA2 /* Singleton1ViewController.swift */,
				DA8D2B482018251600F3FFA2 /* Singleton2ViewController.swift */,
				DA8D2B4E201987A600F3FFA2 /* FactoryMethodViewController.swift */,
				DAA13C10201B1A650061FCE0 /* AbstractFactoryViewController.swift */,
			);
			path = Controller;
			sourceTree = "<group>";
		};
		DA8D2B45201824BE00F3FFA2 /* Manager */ = {
			isa = PBXGroup;
			children = (
				DA8D2B46201824F300F3FFA2 /* DataManager.swift */,
			);
			path = Manager;
			sourceTree = "<group>";
		};
		DA8D2B5020198EC600F3FFA2 /* Model */ = {
			isa = PBXGroup;
			children = (
				DA8D2B5120198EDA00F3FFA2 /* Currency.swift */,
				DAA13C12201B239C0061FCE0 /* Sedan.swift */,
				DAA13C16201B30E40061FCE0 /* SUV.swift */,
				DAA13C18201B30F60061FCE0 /* Factory.swift */,
			);
			path = Model;
			sourceTree = "<group>";
		};
/* End PBXGroup section */

/* Begin PBXNativeTarget section */
		DA8D2B10201823DD00F3FFA2 /* DesignPatterns */ = {
			isa = PBXNativeTarget;
			buildConfigurationList = DA8D2B39201823DD00F3FFA2 /* Build configuration list for PBXNativeTarget "DesignPatterns" */;
			buildPhases = (
				DA8D2B0D201823DD00F3FFA2 /* Sources */,
				DA8D2B0E201823DD00F3FFA2 /* Frameworks */,
				DA8D2B0F201823DD00F3FFA2 /* Resources */,
			);
			buildRules = (
			);
			dependencies = (
			);
			name = DesignPatterns;
			productName = DesignPatterns;
			productReference = DA8D2B11201823DD00F3FFA2 /* DesignPatterns.app */;
			productType = "com.apple.product-type.application";
		};
		DA8D2B24201823DD00F3FFA2 /* DesignPatternsTests */ = {
			isa = PBXNativeTarget;
			buildConfigurationList = DA8D2B3C201823DD00F3FFA2 /* Build configuration list for PBXNativeTarget "DesignPatternsTests" */;
			buildPhases = (
				DA8D2B21201823DD00F3FFA2 /* Sources */,
				DA8D2B22201823DD00F3FFA2 /* Frameworks */,
				DA8D2B23201823DD00F3FFA2 /* Resources */,
			);
			buildRules = (
			);
			dependencies = (
				DA8D2B27201823DD00F3FFA2 /* PBXTargetDependency */,
			);
			name = DesignPatternsTests;
			productName = DesignPatternsTests;
			productReference = DA8D2B25201823DD00F3FFA2 /* DesignPatternsTests.xctest */;
			productType = "com.apple.product-type.bundle.unit-test";
		};
		DA8D2B2F201823DD00F3FFA2 /* DesignPatternsUITests */ = {
			isa = PBXNativeTarget;
			buildConfigurationList = DA8D2B3F201823DD00F3FFA2 /* Build configuration list for PBXNativeTarget "DesignPatternsUITests" */;
			buildPhases = (
				DA8D2B2C201823DD00F3FFA2 /* Sources */,
				DA8D2B2D201823DD00F3FFA2 /* Frameworks */,
				DA8D2B2E201823DD00F3FFA2 /* Resources */,
			);
			buildRules = (
			);
			dependencies = (
				DA8D2B32201823DD00F3FFA2 /* PBXTargetDependency */,
			);
			name = DesignPatternsUITests;
			productName = DesignPatternsUITests;
			productReference = DA8D2B30201823DD00F3FFA2 /* DesignPatternsUITests.xctest */;
			productType = "com.apple.product-type.bundle.ui-testing";
		};
/* End PBXNativeTarget section */

/* Begin PBXProject section */
		DA8D2B09201823DD00F3FFA2 /* Project object */ = {
			isa = PBXProject;
			attributes = {
				LastSwiftUpdateCheck = 0920;
				LastUpgradeCheck = 0920;
				ORGANIZATIONNAME = jeonsangjun;
				TargetAttributes = {
					DA8D2B10201823DD00F3FFA2 = {
						CreatedOnToolsVersion = 9.2;
						ProvisioningStyle = Automatic;
					};
					DA8D2B24201823DD00F3FFA2 = {
						CreatedOnToolsVersion = 9.2;
						ProvisioningStyle = Automatic;
						TestTargetID = DA8D2B10201823DD00F3FFA2;
					};
					DA8D2B2F201823DD00F3FFA2 = {
						CreatedOnToolsVersion = 9.2;
						ProvisioningStyle = Automatic;
						TestTargetID = DA8D2B10201823DD00F3FFA2;
					};
				};
			};
			buildConfigurationList = DA8D2B0C201823DD00F3FFA2 /* Build configuration list for PBXProject "DesignPatterns" */;
			compatibilityVersion = "Xcode 8.0";
			developmentRegion = en;
			hasScannedForEncodings = 0;
			knownRegions = (
				en,
				Base,
			);
			mainGroup = DA8D2B08201823DD00F3FFA2;
			productRefGroup = DA8D2B12201823DD00F3FFA2 /* Products */;
			projectDirPath = "";
			projectRoot = "";
			targets = (
				DA8D2B10201823DD00F3FFA2 /* DesignPatterns */,
				DA8D2B24201823DD00F3FFA2 /* DesignPatternsTests */,
				DA8D2B2F201823DD00F3FFA2 /* DesignPatternsUITests */,
			);
		};
/* End PBXProject section */

/* Begin PBXResourcesBuildPhase section */
		DA8D2B0F201823DD00F3FFA2 /* Resources */ = {
			isa = PBXResourcesBuildPhase;
			buildActionMask = 2147483647;
			files = (
				DA8D2B1F201823DD00F3FFA2 /* LaunchScreen.storyboard in Resources */,
				DA8D2B1C201823DD00F3FFA2 /* Assets.xcassets in Resources */,
				DA8D2B1A201823DD00F3FFA2 /* Main.storyboard in Resources */,
			);
			runOnlyForDeploymentPostprocessing = 0;
		};
		DA8D2B23201823DD00F3FFA2 /* Resources */ = {
			isa = PBXResourcesBuildPhase;
			buildActionMask = 2147483647;
			files = (
			);
			runOnlyForDeploymentPostprocessing = 0;
		};
		DA8D2B2E201823DD00F3FFA2 /* Resources */ = {
			isa = PBXResourcesBuildPhase;
			buildActionMask = 2147483647;
			files = (
			);
			runOnlyForDeploymentPostprocessing = 0;
		};
/* End PBXResourcesBuildPhase section */

/* Begin PBXSourcesBuildPhase section */
		DA8D2B0D201823DD00F3FFA2 /* Sources */ = {
			isa = PBXSourcesBuildPhase;
			buildActionMask = 2147483647;
			files = (
				DA8D2B4F201987A600F3FFA2 /* FactoryMethodViewController.swift in Sources */,
				DAA13C11201B1A650061FCE0 /* AbstractFactoryViewController.swift in Sources */,
				DAA13C19201B30F60061FCE0 /* Factory.swift in Sources */,
				DA8D2B47201824F300F3FFA2 /* DataManager.swift in Sources */,
				DA8D2B44201824AB00F3FFA2 /* Singleton1ViewController.swift in Sources */,
				DA8D2B17201823DD00F3FFA2 /* MainViewController.swift in Sources */,
				DA8D2B492018251600F3FFA2 /* Singleton2ViewController.swift in Sources */,
				DAA13C17201B30E40061FCE0 /* SUV.swift in Sources */,
				DA8D2B5220198EDA00F3FFA2 /* Currency.swift in Sources */,
				DAA13C13201B239C0061FCE0 /* Sedan.swift in Sources */,
				DA8D2B15201823DD00F3FFA2 /* AppDelegate.swift in Sources */,
			);
			runOnlyForDeploymentPostprocessing = 0;
		};
		DA8D2B21201823DD00F3FFA2 /* Sources */ = {
			isa = PBXSourcesBuildPhase;
			buildActionMask = 2147483647;
			files = (
				DA8D2B2A201823DD00F3FFA2 /* DesignPatternsTests.swift in Sources */,
			);
			runOnlyForDeploymentPostprocessing = 0;
		};
		DA8D2B2C201823DD00F3FFA2 /* Sources */ = {
			isa = PBXSourcesBuildPhase;
			buildActionMask = 2147483647;
			files = (
				DA8D2B35201823DD00F3FFA2 /* DesignPatternsUITests.swift in Sources */,
			);
			runOnlyForDeploymentPostprocessing = 0;
		};
/* End PBXSourcesBuildPhase section */

/* Begin PBXTargetDependency section */
		DA8D2B27201823DD00F3FFA2 /* PBXTargetDependency */ = {
			isa = PBXTargetDependency;
			target = DA8D2B10201823DD00F3FFA2 /* DesignPatterns */;
			targetProxy = DA8D2B26201823DD00F3FFA2 /* PBXContainerItemProxy */;
		};
		DA8D2B32201823DD00F3FFA2 /* PBXTargetDependency */ = {
			isa = PBXTargetDependency;
			target = DA8D2B10201823DD00F3FFA2 /* DesignPatterns */;
			targetProxy = DA8D2B31201823DD00F3FFA2 /* PBXContainerItemProxy */;
		};
/* End PBXTargetDependency section */

/* Begin PBXVariantGroup section */
		DA8D2B18201823DD00F3FFA2 /* Main.storyboard */ = {
			isa = PBXVariantGroup;
			children = (
				DA8D2B19201823DD00F3FFA2 /* Base */,
			);
			name = Main.storyboard;
			sourceTree = "<group>";
		};
		DA8D2B1D201823DD00F3FFA2 /* LaunchScreen.storyboard */ = {
			isa = PBXVariantGroup;
			children = (
				DA8D2B1E201823DD00F3FFA2 /* Base */,
			);
			name = LaunchScreen.storyboard;
			sourceTree = "<group>";
		};
/* End PBXVariantGroup section */

/* Begin XCBuildConfiguration section */
		DA8D2B37201823DD00F3FFA2 /* Debug */ = {
			isa = XCBuildConfiguration;
			buildSettings = {
				ALWAYS_SEARCH_USER_PATHS = NO;
				CLANG_ANALYZER_NONNULL = YES;
				CLANG_ANALYZER_NUMBER_OBJECT_CONVERSION = YES_AGGRESSIVE;
				CLANG_CXX_LANGUAGE_STANDARD = "gnu++14";
				CLANG_CXX_LIBRARY = "libc++";
				CLANG_ENABLE_MODULES = YES;
				CLANG_ENABLE_OBJC_ARC = YES;
				CLANG_WARN_BLOCK_CAPTURE_AUTORELEASING = YES;
				CLANG_WARN_BOOL_CONVERSION = YES;
				CLANG_WARN_COMMA = YES;
				CLANG_WARN_CONSTANT_CONVERSION = YES;
				CLANG_WARN_DIRECT_OBJC_ISA_USAGE = YES_ERROR;
				CLANG_WARN_DOCUMENTATION_COMMENTS = YES;
				CLANG_WARN_EMPTY_BODY = YES;
				CLANG_WARN_ENUM_CONVERSION = YES;
				CLANG_WARN_INFINITE_RECURSION = YES;
				CLANG_WARN_INT_CONVERSION = YES;
				CLANG_WARN_NON_LITERAL_NULL_CONVERSION = YES;
				CLANG_WARN_OBJC_LITERAL_CONVERSION = YES;
				CLANG_WARN_OBJC_ROOT_CLASS = YES_ERROR;
				CLANG_WARN_RANGE_LOOP_ANALYSIS = YES;
				CLANG_WARN_STRICT_PROTOTYPES = YES;
				CLANG_WARN_SUSPICIOUS_MOVE = YES;
				CLANG_WARN_UNGUARDED_AVAILABILITY = YES_AGGRESSIVE;
				CLANG_WARN_UNREACHABLE_CODE = YES;
				CLANG_WARN__DUPLICATE_METHOD_MATCH = YES;
				CODE_SIGN_IDENTITY = "iPhone Developer";
				COPY_PHASE_STRIP = NO;
				DEBUG_INFORMATION_FORMAT = dwarf;
				ENABLE_STRICT_OBJC_MSGSEND = YES;
				ENABLE_TESTABILITY = YES;
				GCC_C_LANGUAGE_STANDARD = gnu11;
				GCC_DYNAMIC_NO_PIC = NO;
				GCC_NO_COMMON_BLOCKS = YES;
				GCC_OPTIMIZATION_LEVEL = 0;
				GCC_PREPROCESSOR_DEFINITIONS = (
					"DEBUG=1",
					"$(inherited)",
				);
				GCC_WARN_64_TO_32_BIT_CONVERSION = YES;
				GCC_WARN_ABOUT_RETURN_TYPE = YES_ERROR;
				GCC_WARN_UNDECLARED_SELECTOR = YES;
				GCC_WARN_UNINITIALIZED_AUTOS = YES_AGGRESSIVE;
				GCC_WARN_UNUSED_FUNCTION = YES;
				GCC_WARN_UNUSED_VARIABLE = YES;
				IPHONEOS_DEPLOYMENT_TARGET = 11.2;
				MTL_ENABLE_DEBUG_INFO = YES;
				ONLY_ACTIVE_ARCH = YES;
				SDKROOT = iphoneos;
				SWIFT_ACTIVE_COMPILATION_CONDITIONS = DEBUG;
				SWIFT_OPTIMIZATION_LEVEL = "-Onone";
			};
			name = Debug;
		};
		DA8D2B38201823DD00F3FFA2 /* Release */ = {
			isa = XCBuildConfiguration;
			buildSettings = {
				ALWAYS_SEARCH_USER_PATHS = NO;
				CLANG_ANALYZER_NONNULL = YES;
				CLANG_ANALYZER_NUMBER_OBJECT_CONVERSION = YES_AGGRESSIVE;
				CLANG_CXX_LANGUAGE_STANDARD = "gnu++14";
				CLANG_CXX_LIBRARY = "libc++";
				CLANG_ENABLE_MODULES = YES;
				CLANG_ENABLE_OBJC_ARC = YES;
				CLANG_WARN_BLOCK_CAPTURE_AUTORELEASING = YES;
				CLANG_WARN_BOOL_CONVERSION = YES;
				CLANG_WARN_COMMA = YES;
				CLANG_WARN_CONSTANT_CONVERSION = YES;
				CLANG_WARN_DIRECT_OBJC_ISA_USAGE = YES_ERROR;
				CLANG_WARN_DOCUMENTATION_COMMENTS = YES;
				CLANG_WARN_EMPTY_BODY = YES;
				CLANG_WARN_ENUM_CONVERSION = YES;
				CLANG_WARN_INFINITE_RECURSION = YES;
				CLANG_WARN_INT_CONVERSION = YES;
				CLANG_WARN_NON_LITERAL_NULL_CONVERSION = YES;
				CLANG_WARN_OBJC_LITERAL_CONVERSION = YES;
				CLANG_WARN_OBJC_ROOT_CLASS = YES_ERROR;
				CLANG_WARN_RANGE_LOOP_ANALYSIS = YES;
				CLANG_WARN_STRICT_PROTOTYPES = YES;
				CLANG_WARN_SUSPICIOUS_MOVE = YES;
				CLANG_WARN_UNGUARDED_AVAILABILITY = YES_AGGRESSIVE;
				CLANG_WARN_UNREACHABLE_CODE = YES;
				CLANG_WARN__DUPLICATE_METHOD_MATCH = YES;
				CODE_SIGN_IDENTITY = "iPhone Developer";
				COPY_PHASE_STRIP = NO;
				DEBUG_INFORMATION_FORMAT = "dwarf-with-dsym";
				ENABLE_NS_ASSERTIONS = NO;
				ENABLE_STRICT_OBJC_MSGSEND = YES;
				GCC_C_LANGUAGE_STANDARD = gnu11;
				GCC_NO_COMMON_BLOCKS = YES;
				GCC_WARN_64_TO_32_BIT_CONVERSION = YES;
				GCC_WARN_ABOUT_RETURN_TYPE = YES_ERROR;
				GCC_WARN_UNDECLARED_SELECTOR = YES;
				GCC_WARN_UNINITIALIZED_AUTOS = YES_AGGRESSIVE;
				GCC_WARN_UNUSED_FUNCTION = YES;
				GCC_WARN_UNUSED_VARIABLE = YES;
				IPHONEOS_DEPLOYMENT_TARGET = 11.2;
				MTL_ENABLE_DEBUG_INFO = NO;
				SDKROOT = iphoneos;
				SWIFT_OPTIMIZATION_LEVEL = "-Owholemodule";
				VALIDATE_PRODUCT = YES;
			};
			name = Release;
		};
		DA8D2B3A201823DD00F3FFA2 /* Debug */ = {
			isa = XCBuildConfiguration;
			buildSettings = {
				ASSETCATALOG_COMPILER_APPICON_NAME = AppIcon;
				CODE_SIGN_STYLE = Automatic;
				INFOPLIST_FILE = DesignPatterns/Info.plist;
				LD_RUNPATH_SEARCH_PATHS = "$(inherited) @executable_path/Frameworks";
				PRODUCT_BUNDLE_IDENTIFIER = "jp.co.archive-asia.DesignPatterns";
				PRODUCT_NAME = "$(TARGET_NAME)";
				SWIFT_VERSION = 4.0;
				TARGETED_DEVICE_FAMILY = "1,2";
			};
			name = Debug;
		};
		DA8D2B3B201823DD00F3FFA2 /* Release */ = {
			isa = XCBuildConfiguration;
			buildSettings = {
				ASSETCATALOG_COMPILER_APPICON_NAME = AppIcon;
				CODE_SIGN_STYLE = Automatic;
				INFOPLIST_FILE = DesignPatterns/Info.plist;
				LD_RUNPATH_SEARCH_PATHS = "$(inherited) @executable_path/Frameworks";
				PRODUCT_BUNDLE_IDENTIFIER = "jp.co.archive-asia.DesignPatterns";
				PRODUCT_NAME = "$(TARGET_NAME)";
				SWIFT_VERSION = 4.0;
				TARGETED_DEVICE_FAMILY = "1,2";
			};
			name = Release;
		};
		DA8D2B3D201823DD00F3FFA2 /* Debug */ = {
			isa = XCBuildConfiguration;
			buildSettings = {
				ALWAYS_EMBED_SWIFT_STANDARD_LIBRARIES = YES;
				BUNDLE_LOADER = "$(TEST_HOST)";
				CODE_SIGN_STYLE = Automatic;
				INFOPLIST_FILE = DesignPatternsTests/Info.plist;
				LD_RUNPATH_SEARCH_PATHS = "$(inherited) @executable_path/Frameworks @loader_path/Frameworks";
				PRODUCT_BUNDLE_IDENTIFIER = "jp.co.archive-asia.DesignPatternsTests";
				PRODUCT_NAME = "$(TARGET_NAME)";
				SWIFT_VERSION = 4.0;
				TARGETED_DEVICE_FAMILY = "1,2";
				TEST_HOST = "$(BUILT_PRODUCTS_DIR)/DesignPatterns.app/DesignPatterns";
			};
			name = Debug;
		};
		DA8D2B3E201823DD00F3FFA2 /* Release */ = {
			isa = XCBuildConfiguration;
			buildSettings = {
				ALWAYS_EMBED_SWIFT_STANDARD_LIBRARIES = YES;
				BUNDLE_LOADER = "$(TEST_HOST)";
				CODE_SIGN_STYLE = Automatic;
				INFOPLIST_FILE = DesignPatternsTests/Info.plist;
				LD_RUNPATH_SEARCH_PATHS = "$(inherited) @executable_path/Frameworks @loader_path/Frameworks";
				PRODUCT_BUNDLE_IDENTIFIER = "jp.co.archive-asia.DesignPatternsTests";
				PRODUCT_NAME = "$(TARGET_NAME)";
				SWIFT_VERSION = 4.0;
				TARGETED_DEVICE_FAMILY = "1,2";
				TEST_HOST = "$(BUILT_PRODUCTS_DIR)/DesignPatterns.app/DesignPatterns";
			};
			name = Release;
		};
		DA8D2B40201823DD00F3FFA2 /* Debug */ = {
			isa = XCBuildConfiguration;
			buildSettings = {
				ALWAYS_EMBED_SWIFT_STANDARD_LIBRARIES = YES;
				CODE_SIGN_STYLE = Automatic;
				INFOPLIST_FILE = DesignPatternsUITests/Info.plist;
				LD_RUNPATH_SEARCH_PATHS = "$(inherited) @executable_path/Frameworks @loader_path/Frameworks";
				PRODUCT_BUNDLE_IDENTIFIER = "jp.co.archive-asia.DesignPatternsUITests";
				PRODUCT_NAME = "$(TARGET_NAME)";
				SWIFT_VERSION = 4.0;
				TARGETED_DEVICE_FAMILY = "1,2";
				TEST_TARGET_NAME = DesignPatterns;
			};
			name = Debug;
		};
		DA8D2B41201823DD00F3FFA2 /* Release */ = {
			isa = XCBuildConfiguration;
			buildSettings = {
				ALWAYS_EMBED_SWIFT_STANDARD_LIBRARIES = YES;
				CODE_SIGN_STYLE = Automatic;
				INFOPLIST_FILE = DesignPatternsUITests/Info.plist;
				LD_RUNPATH_SEARCH_PATHS = "$(inherited) @executable_path/Frameworks @loader_path/Frameworks";
				PRODUCT_BUNDLE_IDENTIFIER = "jp.co.archive-asia.DesignPatternsUITests";
				PRODUCT_NAME = "$(TARGET_NAME)";
				SWIFT_VERSION = 4.0;
				TARGETED_DEVICE_FAMILY = "1,2";
				TEST_TARGET_NAME = DesignPatterns;
			};
			name = Release;
		};
/* End XCBuildConfiguration section */

/* Begin XCConfigurationList section */
		DA8D2B0C201823DD00F3FFA2 /* Build configuration list for PBXProject "DesignPatterns" */ = {
			isa = XCConfigurationList;
			buildConfigurations = (
				DA8D2B37201823DD00F3FFA2 /* Debug */,
				DA8D2B38201823DD00F3FFA2 /* Release */,
			);
			defaultConfigurationIsVisible = 0;
			defaultConfigurationName = Release;
		};
		DA8D2B39201823DD00F3FFA2 /* Build configuration list for PBXNativeTarget "DesignPatterns" */ = {
			isa = XCConfigurationList;
			buildConfigurations = (
				DA8D2B3A201823DD00F3FFA2 /* Debug */,
				DA8D2B3B201823DD00F3FFA2 /* Release */,
			);
			defaultConfigurationIsVisible = 0;
			defaultConfigurationName = Release;
		};
		DA8D2B3C201823DD00F3FFA2 /* Build configuration list for PBXNativeTarget "DesignPatternsTests" */ = {
			isa = XCConfigurationList;
			buildConfigurations = (
				DA8D2B3D201823DD00F3FFA2 /* Debug */,
				DA8D2B3E201823DD00F3FFA2 /* Release */,
			);
			defaultConfigurationIsVisible = 0;
			defaultConfigurationName = Release;
		};
		DA8D2B3F201823DD00F3FFA2 /* Build configuration list for PBXNativeTarget "DesignPatternsUITests" */ = {
			isa = XCConfigurationList;
			buildConfigurations = (
				DA8D2B40201823DD00F3FFA2 /* Debug */,
				DA8D2B41201823DD00F3FFA2 /* Release */,
			);
			defaultConfigurationIsVisible = 0;
			defaultConfigurationName = Release;
		};
/* End XCConfigurationList section */
	};
	rootObject = DA8D2B09201823DD00F3FFA2 /* Project object */;
}
